
Microsoft Visual Studio Solution File, Format Version 12.00
# Visual Studio Version 17
VisualStudioVersion = 17.1.31911.260
MinimumVisualStudioVersion = 10.0.40219.1
Project("{FAE04EC0-301F-11D3-BF4B-00C04F79EFBC}") = "API_CRUD", "API_CRUD\API_CRUD.csproj", "{5CF8A6E4-03EF-4F65-9688-DD07BCD45958}"
EndProject
Global
	GlobalSection(SolutionConfigurationPlatforms) = preSolution
		Debug|Any CPU = Debug|Any CPU
		Release|Any CPU = Release|Any CPU
	EndGlobalSection
	GlobalSection(ProjectConfigurationPlatforms) = postSolution
		{5CF8A6E4-03EF-4F65-9688-DD07BCD45958}.Debug|Any CPU.ActiveCfg = Debug|Any CPU
		{5CF8A6E4-03EF-4F65-9688-DD07BCD45958}.Debug|Any CPU.Build.0 = Debug|Any CPU
		{5CF8A6E4-03EF-4F65-9688-DD07BCD45958}.Release|Any CPU.ActiveCfg = Release|Any CPU
		{5CF8A6E4-03EF-4F65-9688-DD07BCD45958}.Release|Any CPU.Build.0 = Release|Any CPU
	EndGlobalSection
	GlobalSection(SolutionProperties) = preSolution
		HideSolutionNode = FALSE
	EndGlobalSection
	GlobalSection(ExtensibilityGlobals) = postSolution
		SolutionGuid = {2618DCCB-14D7-4330-8F89-33ADB09D4A59}
	EndGlobalSection
EndGlobal
